
Microsoft Visual Studio Solution File, Format Version 12.00
# Visual Studio 14
VisualStudioVersion = 14.0.25420.1
MinimumVisualStudioVersion = 10.0.40219.1
Project("{FAE04EC0-301F-11D3-BF4B-00C04F79EFBC}") = "JsonToSource", "JsonToSource\JsonToSource.csproj", "{565D2EEB-94BF-417B-BBA4-41BEF47115C4}"
EndProject
Project("{FAE04EC0-301F-11D3-BF4B-00C04F79EFBC}") = "JsonToSourceTests", "JsonToSourceTests\JsonToSourceTests.csproj", "{DCA3D002-024E-4F9E-A190-E928642BC5D1}"
EndProject
Global
	GlobalSection(SolutionConfigurationPlatforms) = preSolution
		Debug|Any CPU = Debug|Any CPU
		Release|Any CPU = Release|Any CPU
	EndGlobalSection
	GlobalSection(ProjectConfigurationPlatforms) = postSolution
		{565D2EEB-94BF-417B-BBA4-41BEF47115C4}.Debug|Any CPU.ActiveCfg = Debug|Any CPU
		{565D2EEB-94BF-417B-BBA4-41BEF47115C4}.Debug|Any CPU.Build.0 = Debug|Any CPU
		{565D2EEB-94BF-417B-BBA4-41BEF47115C4}.Release|Any CPU.ActiveCfg = Release|Any CPU
		{565D2EEB-94BF-417B-BBA4-41BEF47115C4}.Release|Any CPU.Build.0 = Release|Any CPU
		{DCA3D002-024E-4F9E-A190-E928642BC5D1}.Debug|Any CPU.ActiveCfg = Debug|Any CPU
		{DCA3D002-024E-4F9E-A190-E928642BC5D1}.Debug|Any CPU.Build.0 = Debug|Any CPU
		{DCA3D002-024E-4F9E-A190-E928642BC5D1}.Release|Any CPU.ActiveCfg = Release|Any CPU
		{DCA3D002-024E-4F9E-A190-E928642BC5D1}.Release|Any CPU.Build.0 = Release|Any CPU
	EndGlobalSection
	GlobalSection(SolutionProperties) = preSolution
		HideSolutionNode = FALSE
	EndGlobalSection
EndGlobal
